<?xml version="1.0" encoding="utf-8"?>
<Project ToolsVersion="4.0" xmlns="http://schemas.microsoft.com/developer/msbuild/2003">
  <ItemGroup>
    <Filter Include="Source Files">
      <UniqueIdentifier>{4FC737F1-C7A5-4376-A066-2A32D752A2FF}</UniqueIdentifier>
      <Extensions>cpp;c;cc;cxx;c++;cppm;ixx;def;odl;idl;hpj;bat;asm;asmx</Extensions>
    </Filter>
    <Filter Include="Header Files">
      <UniqueIdentifier>{93995380-89BD-4b04-88EB-625FBE52EBFB}</UniqueIdentifier>
      <Extensions>h;hh;hpp;hxx;h++;hm;inl;inc;ipp;xsd</Extensions>
    </Filter>
    <Filter Include="Resource Files">
      <UniqueIdentifier>{67DA6AB6-F800-4c08-8B7A-83BB121AAD01}</UniqueIdentifier>
      <Extensions>rc;ico;cur;bmp;dlg;rc2;rct;bin;rgs;gif;jpg;jpeg;jpe;resx;tiff;tif;png;wav;mfcribbon-ms</Extensions>
    </Filter>
  </ItemGroup>
  <ItemGroup>
    <ClCompile Include="src\Grid.cpp">
      <Filter>Source Files</Filter>
    </ClCompile>
    <ClCompile Include="src\main.cpp">
      <Filter>Source Files</Filter>
    </ClCompile>
    <ClCompile Include="src\fan\graphics\vulkan\vk_gui.cpp">
      <Filter>Source Files</Filter>
    </ClCompile>
    <ClCompile Include="src\fan\graphics\shared_graphics.cpp">
      <Filter>Source Files</Filter>
    </ClCompile>
    <ClCompile Include="src\fan\graphics\shared_gui.cpp">
      <Filter>Source Files</Filter>
    </ClCompile>
    <ClCompile Include="src\fan\window\window.cpp">
      <Filter>Source Files</Filter>
    </ClCompile>
    <ClCompile Include="src\fan\window\window_input.cpp">
      <Filter>Source Files</Filter>
    </ClCompile>
  </ItemGroup>
  <ItemGroup>
    <ClInclude Include="src\Grid.h">
      <Filter>Header Files</Filter>
    </ClInclude>
    <ClInclude Include="src\Utils.h">
      <Filter>Header Files</Filter>
    </ClInclude>
    <ClInclude Include="include\fan\audio\audio.h">
      <Filter>Header Files</Filter>
    </ClInclude>
    <ClInclude Include="include\fan\audio\miniaudio.h">
      <Filter>Header Files</Filter>
    </ClInclude>
    <ClInclude Include="include\fan\BLL\internal\basic_types.h">
      <Filter>Header Files</Filter>
    </ClInclude>
    <ClInclude Include="include\fan\BLL\internal\rest.h">
      <Filter>Header Files</Filter>
    </ClInclude>
    <ClInclude Include="include\fan\BLL\BLL.h">
      <Filter>Header Files</Filter>
    </ClInclude>
    <ClInclude Include="include\fan\engine\engine.h">
      <Filter>Header Files</Filter>
    </ClInclude>
    <ClInclude Include="include\fan\fed\internal\private.h">
      <Filter>Header Files</Filter>
    </ClInclude>
    <ClInclude Include="include\fan\fed\internal\public.h">
      <Filter>Header Files</Filter>
    </ClInclude>
    <ClInclude Include="include\fan\fed\internal\types.h">
      <Filter>Header Files</Filter>
    </ClInclude>
    <ClInclude Include="include\fan\fed\FED.h">
      <Filter>Header Files</Filter>
    </ClInclude>
    <ClInclude Include="include\fan\fed\WED.h">
      <Filter>Header Files</Filter>
    </ClInclude>
    <ClInclude Include="include\fan\graphics\fast_obj\fast_obj.h">
      <Filter>Header Files</Filter>
    </ClInclude>
    <ClInclude Include="include\fan\graphics\gui\be.h">
      <Filter>Header Files</Filter>
    </ClInclude>
    <ClInclude Include="include\fan\graphics\gui\button_event.h">
      <Filter>Header Files</Filter>
    </ClInclude>
    <ClInclude Include="include\fan\graphics\gui\checkbox.h">
      <Filter>Header Files</Filter>
    </ClInclude>
    <ClInclude Include="include\fan\graphics\gui\focus.h">
      <Filter>Header Files</Filter>
    </ClInclude>
    <ClInclude Include="include\fan\graphics\gui\key_event.h">
      <Filter>Header Files</Filter>
    </ClInclude>
    <ClInclude Include="include\fan\graphics\gui\rectangle_box_sized.h">
      <Filter>Header Files</Filter>
    </ClInclude>
    <ClInclude Include="include\fan\graphics\gui\rectangle_button_sized.h">
      <Filter>Header Files</Filter>
    </ClInclude>
    <ClInclude Include="include\fan\graphics\gui\rectangle_text_box.h">
      <Filter>Header Files</Filter>
    </ClInclude>
    <ClInclude Include="include\fan\graphics\gui\rectangle_text_box_sized.h">
      <Filter>Header Files</Filter>
    </ClInclude>
    <ClInclude Include="include\fan\graphics\gui\rectangle_text_button.h">
      <Filter>Header Files</Filter>
    </ClInclude>
    <ClInclude Include="include\fan\graphics\gui\rectangle_text_button_sized.h">
      <Filter>Header Files</Filter>
    </ClInclude>
    <ClInclude Include="include\fan\graphics\gui\select_box.h">
      <Filter>Header Files</Filter>
    </ClInclude>
    <ClInclude Include="include\fan\graphics\gui\sprite_button_sized.h">
      <Filter>Header Files</Filter>
    </ClInclude>
    <ClInclude Include="include\fan\graphics\gui\text_renderer_clickable.h">
      <Filter>Header Files</Filter>
    </ClInclude>
    <ClInclude Include="include\fan\graphics\gui\themes.h">
      <Filter>Header Files</Filter>
    </ClInclude>
    <ClInclude Include="include\fan\graphics\gui\types.h">
      <Filter>Header Files</Filter>
    </ClInclude>
    <ClInclude Include="include\fan\graphics\opengl\2D\effects\flame.h">
      <Filter>Header Files</Filter>
    </ClInclude>
    <ClInclude Include="include\fan\graphics\opengl\2D\effects\particles.h">
      <Filter>Header Files</Filter>
    </ClInclude>
    <ClInclude Include="include\fan\graphics\opengl\2D\gui\text_renderer.h">
      <Filter>Header Files</Filter>
    </ClInclude>
    <ClInclude Include="include\fan\graphics\opengl\2D\gui\text_renderer_raw.h">
      <Filter>Header Files</Filter>
    </ClInclude>
    <ClInclude Include="include\fan\graphics\opengl\2D\gui\text_renderer_wrap.h">
      <Filter>Header Files</Filter>
    </ClInclude>
    <ClInclude Include="include\fan\graphics\opengl\2D\gui\text_renderer0.h">
      <Filter>Header Files</Filter>
    </ClInclude>
    <ClInclude Include="include\fan\graphics\opengl\2D\objects\depth\depth_rectangle.h">
      <Filter>Header Files</Filter>
    </ClInclude>
    <ClInclude Include="include\fan\graphics\opengl\2D\objects\depth\depth_sprite.h">
      <Filter>Header Files</Filter>
    </ClInclude>
    <ClInclude Include="include\fan\graphics\opengl\2D\objects\circle.h">
      <Filter>Header Files</Filter>
    </ClInclude>
    <ClInclude Include="include\fan\graphics\opengl\2D\objects\line.h">
      <Filter>Header Files</Filter>
    </ClInclude>
    <ClInclude Include="include\fan\graphics\opengl\2D\objects\rectangle.h">
      <Filter>Header Files</Filter>
    </ClInclude>
    <ClInclude Include="include\fan\graphics\opengl\2D\objects\sprite.h">
      <Filter>Header Files</Filter>
    </ClInclude>
    <ClInclude Include="include\fan\graphics\opengl\2D\objects\sprite0.h">
      <Filter>Header Files</Filter>
    </ClInclude>
    <ClInclude Include="include\fan\graphics\opengl\2D\objects\yuv420p_renderer.h">
      <Filter>Header Files</Filter>
    </ClInclude>
    <ClInclude Include="include\fan\graphics\opengl\3D\objects\model.h">
      <Filter>Header Files</Filter>
    </ClInclude>
    <ClInclude Include="include\fan\graphics\opengl\3D\objects\skybox.h">
      <Filter>Header Files</Filter>
    </ClInclude>
    <ClInclude Include="include\fan\graphics\opengl\gl_core.h">
      <Filter>Header Files</Filter>
    </ClInclude>
    <ClInclude Include="include\fan\graphics\opengl\gl_defines.h">
      <Filter>Header Files</Filter>
    </ClInclude>
    <ClInclude Include="include\fan\graphics\opengl\gl_graphics.h">
      <Filter>Header Files</Filter>
    </ClInclude>
    <ClInclude Include="include\fan\graphics\opengl\gl_gui.h">
      <Filter>Header Files</Filter>
    </ClInclude>
    <ClInclude Include="include\fan\graphics\opengl\gl_image.h">
      <Filter>Header Files</Filter>
    </ClInclude>
    <ClInclude Include="include\fan\graphics\opengl\gl_init.h">
      <Filter>Header Files</Filter>
    </ClInclude>
    <ClInclude Include="include\fan\graphics\opengl\gl_shader.h">
      <Filter>Header Files</Filter>
    </ClInclude>
    <ClInclude Include="include\fan\graphics\opengl\gl_texture.h">
      <Filter>Header Files</Filter>
    </ClInclude>
    <ClInclude Include="include\fan\graphics\physics\collision\circle.h">
      <Filter>Header Files</Filter>
    </ClInclude>
    <ClInclude Include="include\fan\graphics\physics\collision\rectangle.h">
      <Filter>Header Files</Filter>
    </ClInclude>
    <ClInclude Include="include\fan\graphics\physics\collision\triangle.h">
      <Filter>Header Files</Filter>
    </ClInclude>
    <ClInclude Include="include\fan\graphics\physics\raycast\rectangle.h">
      <Filter>Header Files</Filter>
    </ClInclude>
    <ClInclude Include="include\fan\graphics\physics\physics.h">
      <Filter>Header Files</Filter>
    </ClInclude>
    <ClInclude Include="include\fan\graphics\vpx\tools_common.h">
      <Filter>Header Files</Filter>
    </ClInclude>
    <ClInclude Include="include\fan\graphics\vpx\video_common.h">
      <Filter>Header Files</Filter>
    </ClInclude>
    <ClInclude Include="include\fan\graphics\vpx\video_reader.h">
      <Filter>Header Files</Filter>
    </ClInclude>
    <ClInclude Include="include\fan\graphics\vpx\y4minput.h">
      <Filter>Header Files</Filter>
    </ClInclude>
    <ClInclude Include="include\fan\graphics\vulkan\vk_core.h">
      <Filter>Header Files</Filter>
    </ClInclude>
    <ClInclude Include="include\fan\graphics\vulkan\vk_descriptor.h">
      <Filter>Header Files</Filter>
    </ClInclude>
    <ClInclude Include="include\fan\graphics\vulkan\vk_graphics.h">
      <Filter>Header Files</Filter>
    </ClInclude>
    <ClInclude Include="include\fan\graphics\vulkan\vk_gui.h">
      <Filter>Header Files</Filter>
    </ClInclude>
    <ClInclude Include="include\fan\graphics\vulkan\vk_pipeline.h">
      <Filter>Header Files</Filter>
    </ClInclude>
    <ClInclude Include="include\fan\graphics\vulkan\vk_shader.h">
      <Filter>Header Files</Filter>
    </ClInclude>
    <ClInclude Include="include\fan\graphics\camera.h">
      <Filter>Header Files</Filter>
    </ClInclude>
    <ClInclude Include="include\fan\graphics\graphics.h">
      <Filter>Header Files</Filter>
    </ClInclude>
    <ClInclude Include="include\fan\graphics\gui.h">
      <Filter>Header Files</Filter>
    </ClInclude>
    <ClInclude Include="include\fan\graphics\light.h">
      <Filter>Header Files</Filter>
    </ClInclude>
    <ClInclude Include="include\fan\graphics\renderer.h">
      <Filter>Header Files</Filter>
    </ClInclude>
    <ClInclude Include="include\fan\graphics\shared_core.h">
      <Filter>Header Files</Filter>
    </ClInclude>
    <ClInclude Include="include\fan\graphics\shared_graphics.h">
      <Filter>Header Files</Filter>
    </ClInclude>
    <ClInclude Include="include\fan\graphics\shared_gui.h">
      <Filter>Header Files</Filter>
    </ClInclude>
    <ClInclude Include="include\fan\graphics\shared_inline_graphics.h">
      <Filter>Header Files</Filter>
    </ClInclude>
    <ClInclude Include="include\fan\graphics\video_decoder.h">
      <Filter>Header Files</Filter>
    </ClInclude>
    <ClInclude Include="include\fan\graphics\webp.h">
      <Filter>Header Files</Filter>
    </ClInclude>
    <ClInclude Include="include\fan\io\file.h">
      <Filter>Header Files</Filter>
    </ClInclude>
    <ClInclude Include="include\fan\io\io.h">
      <Filter>Header Files</Filter>
    </ClInclude>
    <ClInclude Include="include\fan\math\math.h">
      <Filter>Header Files</Filter>
    </ClInclude>
    <ClInclude Include="include\fan\math\random.h">
      <Filter>Header Files</Filter>
    </ClInclude>
    <ClInclude Include="include\fan\network\network.h">
      <Filter>Header Files</Filter>
    </ClInclude>
    <ClInclude Include="include\fan\physics\collision\circle.h">
      <Filter>Header Files</Filter>
    </ClInclude>
    <ClInclude Include="include\fan\physics\collision\rectangle.h">
      <Filter>Header Files</Filter>
    </ClInclude>
    <ClInclude Include="include\fan\physics\collision\triangle.h">
      <Filter>Header Files</Filter>
    </ClInclude>
    <ClInclude Include="include\fan\physics\raycast\rectangle.h">
      <Filter>Header Files</Filter>
    </ClInclude>
    <ClInclude Include="include\fan\physics\physics.h">
      <Filter>Header Files</Filter>
    </ClInclude>
    <ClInclude Include="include\fan\time\time.h">
      <Filter>Header Files</Filter>
    </ClInclude>
    <ClInclude Include="include\fan\types\color.h">
      <Filter>Header Files</Filter>
    </ClInclude>
    <ClInclude Include="include\fan\types\matrix.h">
      <Filter>Header Files</Filter>
    </ClInclude>
    <ClInclude Include="include\fan\types\memory.h">
      <Filter>Header Files</Filter>
    </ClInclude>
    <ClInclude Include="include\fan\types\quaternion.h">
      <Filter>Header Files</Filter>
    </ClInclude>
    <ClInclude Include="include\fan\types\types.h">
      <Filter>Header Files</Filter>
    </ClInclude>
    <ClInclude Include="include\fan\types\utf_string.h">
      <Filter>Header Files</Filter>
    </ClInclude>
    <ClInclude Include="include\fan\types\vector.h">
      <Filter>Header Files</Filter>
    </ClInclude>
    <ClInclude Include="include\fan\window\window.h">
      <Filter>Header Files</Filter>
    </ClInclude>
    <ClInclude Include="include\fan\window\window_input.h">
      <Filter>Header Files</Filter>
    </ClInclude>
    <ClInclude Include="include\fan\bll.h">
      <Filter>Header Files</Filter>
    </ClInclude>
    <ClInclude Include="include\fan\font.h">
      <Filter>Header Files</Filter>
    </ClInclude>
    <ClInclude Include="include\fan\system.h">
      <Filter>Header Files</Filter>
    </ClInclude>
    <ClInclude Include="include\fan\utf_string.h">
      <Filter>Header Files</Filter>
    </ClInclude>
    <ClInclude Include="include\fan\vulkan.h">
      <Filter>Header Files</Filter>
    </ClInclude>
  </ItemGroup>
</Project>