<?xml version="1.0" encoding="utf-8"?>
<Project ToolsVersion="4.0" xmlns="http://schemas.microsoft.com/developer/msbuild/2003">
  <ItemGroup>
    <Filter Include="Source Files">
      <UniqueIdentifier>{4FC737F1-C7A5-4376-A066-2A32D752A2FF}</UniqueIdentifier>
      <Extensions>cpp;c;cc;cxx;c++;cppm;ixx;def;odl;idl;hpj;bat;asm;asmx</Extensions>
    </Filter>
    <Filter Include="Header Files">
      <UniqueIdentifier>{93995380-89BD-4b04-88EB-625FBE52EBFB}</UniqueIdentifier>
      <Extensions>h;hh;hpp;hxx;h++;hm;inl;inc;ipp;xsd</Extensions>
    </Filter>
    <Filter Include="Resource Files">
      <UniqueIdentifier>{67DA6AB6-F800-4c08-8B7A-83BB121AAD01}</UniqueIdentifier>
      <Extensions>rc;ico;cur;bmp;dlg;rc2;rct;bin;rgs;gif;jpg;jpeg;jpe;resx;tiff;tif;png;wav;mfcribbon-ms</Extensions>
    </Filter>
  </ItemGroup>
  <ItemGroup>
    <ClCompile Include="main.cpp">
      <Filter>Source Files</Filter>
    </ClCompile>
    <ClCompile Include="src\fan\window\window.cpp">
      <Filter>Source Files</Filter>
    </ClCompile>
  </ItemGroup>
  <ItemGroup>
    <ClInclude Include="include\fan\audio\audio\audio.h">
      <Filter>Header Files</Filter>
    </ClInclude>
    <ClInclude Include="include\fan\audio\SystemAudio\backend\uni\miniaudio\a.h">
      <Filter>Header Files</Filter>
    </ClInclude>
    <ClInclude Include="include\fan\audio\SystemAudio\backend\uni\miniaudio\lib.h">
      <Filter>Header Files</Filter>
    </ClInclude>
    <ClInclude Include="include\fan\audio\SystemAudio\backend\unix\linux\alsa\a.h">
      <Filter>Header Files</Filter>
    </ClInclude>
    <ClInclude Include="include\fan\audio\SystemAudio\CommonTypes.h">
      <Filter>Header Files</Filter>
    </ClInclude>
    <ClInclude Include="include\fan\audio\SystemAudio\Process.h">
      <Filter>Header Files</Filter>
    </ClInclude>
    <ClInclude Include="include\fan\audio\audio.h">
      <Filter>Header Files</Filter>
    </ClInclude>
    <ClInclude Include="include\fan\BDBT\internal\Key\cpp\a.h">
      <Filter>Header Files</Filter>
    </ClInclude>
    <ClInclude Include="include\fan\BDBT\internal\Key\cpp\q.h">
      <Filter>Header Files</Filter>
    </ClInclude>
    <ClInclude Include="include\fan\BDBT\internal\Key\cpp\r.h">
      <Filter>Header Files</Filter>
    </ClInclude>
    <ClInclude Include="include\fan\BDBT\internal\Key\cpp\t.h">
      <Filter>Header Files</Filter>
    </ClInclude>
    <ClInclude Include="include\fan\BDBT\internal\Key\cpp.h">
      <Filter>Header Files</Filter>
    </ClInclude>
    <ClInclude Include="include\fan\BDBT\internal\Key\Key.h">
      <Filter>Header Files</Filter>
    </ClInclude>
    <ClInclude Include="include\fan\BDBT\internal\Key\rest.h">
      <Filter>Header Files</Filter>
    </ClInclude>
    <ClInclude Include="include\fan\BDBT\internal\rest.h">
      <Filter>Header Files</Filter>
    </ClInclude>
    <ClInclude Include="include\fan\BDBT\BDBT.h">
      <Filter>Header Files</Filter>
    </ClInclude>
    <ClInclude Include="include\fan\BLL\internal\NodeReference.h">
      <Filter>Header Files</Filter>
    </ClInclude>
    <ClInclude Include="include\fan\BLL\internal\PrepareAndInclude.h">
      <Filter>Header Files</Filter>
    </ClInclude>
    <ClInclude Include="include\fan\BLL\internal\rest.h">
      <Filter>Header Files</Filter>
    </ClInclude>
    <ClInclude Include="include\fan\BLL\BLL.h">
      <Filter>Header Files</Filter>
    </ClInclude>
    <ClInclude Include="include\fan\BVEC\internal\rest.h">
      <Filter>Header Files</Filter>
    </ClInclude>
    <ClInclude Include="include\fan\BVEC\BVEC.h">
      <Filter>Header Files</Filter>
    </ClInclude>
    <ClInclude Include="include\fan\ETC\WED\internal\Base.h">
      <Filter>Header Files</Filter>
    </ClInclude>
    <ClInclude Include="include\fan\ETC\WED\internal\private.h">
      <Filter>Header Files</Filter>
    </ClInclude>
    <ClInclude Include="include\fan\ETC\WED\internal\public.h">
      <Filter>Header Files</Filter>
    </ClInclude>
    <ClInclude Include="include\fan\ETC\WED\WED.h">
      <Filter>Header Files</Filter>
    </ClInclude>
    <ClInclude Include="include\fan\graphics\fast_obj\fast_obj.h">
      <Filter>Header Files</Filter>
    </ClInclude>
    <ClInclude Include="include\fan\graphics\gui\fgm\common.h">
      <Filter>Header Files</Filter>
    </ClInclude>
    <ClInclude Include="include\fan\graphics\gui\fgm\fgm.h">
      <Filter>Header Files</Filter>
    </ClInclude>
    <ClInclude Include="include\fan\graphics\gui\fgm\private.h">
      <Filter>Header Files</Filter>
    </ClInclude>
    <ClInclude Include="include\fan\graphics\gui\fgm\resize_cb.h">
      <Filter>Header Files</Filter>
    </ClInclude>
    <ClInclude Include="include\fan\graphics\gui\fgm\shape_builder.h">
      <Filter>Header Files</Filter>
    </ClInclude>
    <ClInclude Include="include\fan\graphics\gui\fgm\shape_builder_close.h">
      <Filter>Header Files</Filter>
    </ClInclude>
    <ClInclude Include="include\fan\graphics\gui\fgm\shapes.h">
      <Filter>Header Files</Filter>
    </ClInclude>
    <ClInclude Include="include\fan\graphics\gui\model_maker\loader.h">
      <Filter>Header Files</Filter>
    </ClInclude>
    <ClInclude Include="include\fan\graphics\gui\model_maker\maker.h">
      <Filter>Header Files</Filter>
    </ClInclude>
    <ClInclude Include="include\fan\graphics\gui\stage_maker\helper_functions\rename_cb.h">
      <Filter>Header Files</Filter>
    </ClInclude>
    <ClInclude Include="include\fan\graphics\gui\stage_maker\loader_versions\010.h">
      <Filter>Header Files</Filter>
    </ClInclude>
    <ClInclude Include="include\fan\graphics\gui\stage_maker\loader_versions\011.h">
      <Filter>Header Files</Filter>
    </ClInclude>
    <ClInclude Include="include\fan\graphics\gui\stage_maker\loader.h">
      <Filter>Header Files</Filter>
    </ClInclude>
    <ClInclude Include="include\fan\graphics\gui\stage_maker\maker.h">
      <Filter>Header Files</Filter>
    </ClInclude>
    <ClInclude Include="include\fan\graphics\gui\button.h">
      <Filter>Header Files</Filter>
    </ClInclude>
    <ClInclude Include="include\fan\graphics\gui\checkbox.h">
      <Filter>Header Files</Filter>
    </ClInclude>
    <ClInclude Include="include\fan\graphics\gui\fed.h">
      <Filter>Header Files</Filter>
    </ClInclude>
    <ClInclude Include="include\fan\graphics\gui\focus.h">
      <Filter>Header Files</Filter>
    </ClInclude>
    <ClInclude Include="include\fan\graphics\gui\menu_maker.h">
      <Filter>Header Files</Filter>
    </ClInclude>
    <ClInclude Include="include\fan\graphics\gui\select_box.h">
      <Filter>Header Files</Filter>
    </ClInclude>
    <ClInclude Include="include\fan\graphics\gui\text_box.h">
      <Filter>Header Files</Filter>
    </ClInclude>
    <ClInclude Include="include\fan\graphics\gui\text_renderer_clickable.h">
      <Filter>Header Files</Filter>
    </ClInclude>
    <ClInclude Include="include\fan\graphics\gui\themes.h">
      <Filter>Header Files</Filter>
    </ClInclude>
    <ClInclude Include="include\fan\graphics\gui\vfi.h">
      <Filter>Header Files</Filter>
    </ClInclude>
    <ClInclude Include="include\fan\graphics\gui\vfi_shape_list_settings.h">
      <Filter>Header Files</Filter>
    </ClInclude>
    <ClInclude Include="include\fan\graphics\opengl\2D\effects\frame_capture.h">
      <Filter>Header Files</Filter>
    </ClInclude>
    <ClInclude Include="include\fan\graphics\opengl\2D\effects\particles.h">
      <Filter>Header Files</Filter>
    </ClInclude>
    <ClInclude Include="include\fan\graphics\opengl\2D\effects\post_process.h">
      <Filter>Header Files</Filter>
    </ClInclude>
    <ClInclude Include="include\fan\graphics\opengl\2D\objects\circle.h">
      <Filter>Header Files</Filter>
    </ClInclude>
    <ClInclude Include="include\fan\graphics\opengl\2D\objects\hardcode_close.h">
      <Filter>Header Files</Filter>
    </ClInclude>
    <ClInclude Include="include\fan\graphics\opengl\2D\objects\hardcode_open.h">
      <Filter>Header Files</Filter>
    </ClInclude>
    <ClInclude Include="include\fan\graphics\opengl\2D\objects\letter.h">
      <Filter>Header Files</Filter>
    </ClInclude>
    <ClInclude Include="include\fan\graphics\opengl\2D\objects\light.h">
      <Filter>Header Files</Filter>
    </ClInclude>
    <ClInclude Include="include\fan\graphics\opengl\2D\objects\line.h">
      <Filter>Header Files</Filter>
    </ClInclude>
    <ClInclude Include="include\fan\graphics\opengl\2D\objects\nv12.h">
      <Filter>Header Files</Filter>
    </ClInclude>
    <ClInclude Include="include\fan\graphics\opengl\2D\objects\pixel_format_renderer.h">
      <Filter>Header Files</Filter>
    </ClInclude>
    <ClInclude Include="include\fan\graphics\opengl\2D\objects\rectangle.h">
      <Filter>Header Files</Filter>
    </ClInclude>
    <ClInclude Include="include\fan\graphics\opengl\2D\objects\shape_builder.h">
      <Filter>Header Files</Filter>
    </ClInclude>
    <ClInclude Include="include\fan\graphics\opengl\2D\objects\sprite.h">
      <Filter>Header Files</Filter>
    </ClInclude>
    <ClInclude Include="include\fan\graphics\opengl\2D\objects\sprite1.h">
      <Filter>Header Files</Filter>
    </ClInclude>
    <ClInclude Include="include\fan\graphics\opengl\2D\objects\text.h">
      <Filter>Header Files</Filter>
    </ClInclude>
    <ClInclude Include="include\fan\graphics\opengl\2D\objects\yuv420p.h">
      <Filter>Header Files</Filter>
    </ClInclude>
    <ClInclude Include="include\fan\graphics\opengl\3D\objects\model.h">
      <Filter>Header Files</Filter>
    </ClInclude>
    <ClInclude Include="include\fan\graphics\opengl\3D\objects\skybox.h">
      <Filter>Header Files</Filter>
    </ClInclude>
    <ClInclude Include="include\fan\graphics\opengl\camera_list_builder_settings.h">
      <Filter>Header Files</Filter>
    </ClInclude>
    <ClInclude Include="include\fan\graphics\opengl\gl_core.h">
      <Filter>Header Files</Filter>
    </ClInclude>
    <ClInclude Include="include\fan\graphics\opengl\gl_defines.h">
      <Filter>Header Files</Filter>
    </ClInclude>
    <ClInclude Include="include\fan\graphics\opengl\gl_graphics.h">
      <Filter>Header Files</Filter>
    </ClInclude>
    <ClInclude Include="include\fan\graphics\opengl\gl_image.h">
      <Filter>Header Files</Filter>
    </ClInclude>
    <ClInclude Include="include\fan\graphics\opengl\gl_init.h">
      <Filter>Header Files</Filter>
    </ClInclude>
    <ClInclude Include="include\fan\graphics\opengl\gl_shader.h">
      <Filter>Header Files</Filter>
    </ClInclude>
    <ClInclude Include="include\fan\graphics\opengl\image_list_builder_settings.h">
      <Filter>Header Files</Filter>
    </ClInclude>
    <ClInclude Include="include\fan\graphics\opengl\memory_bll_settings.h">
      <Filter>Header Files</Filter>
    </ClInclude>
    <ClInclude Include="include\fan\graphics\opengl\texture_pack.h">
      <Filter>Header Files</Filter>
    </ClInclude>
    <ClInclude Include="include\fan\graphics\opengl\themes_list_builder_settings.h">
      <Filter>Header Files</Filter>
    </ClInclude>
    <ClInclude Include="include\fan\graphics\opengl\uniform_block.h">
      <Filter>Header Files</Filter>
    </ClInclude>
    <ClInclude Include="include\fan\graphics\opengl\viewport_list_builder_settings.h">
      <Filter>Header Files</Filter>
    </ClInclude>
    <ClInclude Include="include\fan\graphics\vpx\tools_common.h">
      <Filter>Header Files</Filter>
    </ClInclude>
    <ClInclude Include="include\fan\graphics\vpx\video_common.h">
      <Filter>Header Files</Filter>
    </ClInclude>
    <ClInclude Include="include\fan\graphics\vpx\video_reader.h">
      <Filter>Header Files</Filter>
    </ClInclude>
    <ClInclude Include="include\fan\graphics\vpx\y4minput.h">
      <Filter>Header Files</Filter>
    </ClInclude>
    <ClInclude Include="include\fan\graphics\vulkan\2D\objects\shape_builder.h">
      <Filter>Header Files</Filter>
    </ClInclude>
    <ClInclude Include="include\fan\graphics\vulkan\camera_list_builder_settings.h">
      <Filter>Header Files</Filter>
    </ClInclude>
    <ClInclude Include="include\fan\graphics\vulkan\compute_shader.h">
      <Filter>Header Files</Filter>
    </ClInclude>
    <ClInclude Include="include\fan\graphics\vulkan\image_list_builder_settings.h">
      <Filter>Header Files</Filter>
    </ClInclude>
    <ClInclude Include="include\fan\graphics\vulkan\memory.h">
      <Filter>Header Files</Filter>
    </ClInclude>
    <ClInclude Include="include\fan\graphics\vulkan\memory_bll_settings.h">
      <Filter>Header Files</Filter>
    </ClInclude>
    <ClInclude Include="include\fan\graphics\vulkan\ssbo.h">
      <Filter>Header Files</Filter>
    </ClInclude>
    <ClInclude Include="include\fan\graphics\vulkan\themes_list_builder_settings.h">
      <Filter>Header Files</Filter>
    </ClInclude>
    <ClInclude Include="include\fan\graphics\vulkan\uniform_block.h">
      <Filter>Header Files</Filter>
    </ClInclude>
    <ClInclude Include="include\fan\graphics\vulkan\viewport_list_builder_settings.h">
      <Filter>Header Files</Filter>
    </ClInclude>
    <ClInclude Include="include\fan\graphics\vulkan\vk_core.h">
      <Filter>Header Files</Filter>
    </ClInclude>
    <ClInclude Include="include\fan\graphics\vulkan\vk_graphics.h">
      <Filter>Header Files</Filter>
    </ClInclude>
    <ClInclude Include="include\fan\graphics\vulkan\vk_image.h">
      <Filter>Header Files</Filter>
    </ClInclude>
    <ClInclude Include="include\fan\graphics\vulkan\vk_shader.h">
      <Filter>Header Files</Filter>
    </ClInclude>
    <ClInclude Include="include\fan\graphics\wrappers\dropdown.h">
      <Filter>Header Files</Filter>
    </ClInclude>
    <ClInclude Include="include\fan\graphics\wrappers\menu_maker.h">
      <Filter>Header Files</Filter>
    </ClInclude>
    <ClInclude Include="include\fan\graphics\camera.h">
      <Filter>Header Files</Filter>
    </ClInclude>
    <ClInclude Include="include\fan\graphics\draw_shapes.h">
      <Filter>Header Files</Filter>
    </ClInclude>
    <ClInclude Include="include\fan\graphics\font.h">
      <Filter>Header Files</Filter>
    </ClInclude>
    <ClInclude Include="include\fan\graphics\graphics.h">
      <Filter>Header Files</Filter>
    </ClInclude>
    <ClInclude Include="include\fan\graphics\loco.h">
      <Filter>Header Files</Filter>
    </ClInclude>
    <ClInclude Include="include\fan\graphics\loco_define.h">
      <Filter>Header Files</Filter>
    </ClInclude>
    <ClInclude Include="include\fan\graphics\loco_types.h">
      <Filter>Header Files</Filter>
    </ClInclude>
    <ClInclude Include="include\fan\graphics\loco0.h">
      <Filter>Header Files</Filter>
    </ClInclude>
    <ClInclude Include="include\fan\graphics\loco0_define.h">
      <Filter>Header Files</Filter>
    </ClInclude>
    <ClInclude Include="include\fan\graphics\shape_builder.h">
      <Filter>Header Files</Filter>
    </ClInclude>
    <ClInclude Include="include\fan\graphics\shape_open_settings.h">
      <Filter>Header Files</Filter>
    </ClInclude>
    <ClInclude Include="include\fan\graphics\sprite_sheet.h">
      <Filter>Header Files</Filter>
    </ClInclude>
    <ClInclude Include="include\fan\graphics\sprite_sheet_list_builder_settings.h">
      <Filter>Header Files</Filter>
    </ClInclude>
    <ClInclude Include="include\fan\graphics\transform_interpolator.h">
      <Filter>Header Files</Filter>
    </ClInclude>
    <ClInclude Include="include\fan\graphics\video_decoder.h">
      <Filter>Header Files</Filter>
    </ClInclude>
    <ClInclude Include="include\fan\graphics\webp.h">
      <Filter>Header Files</Filter>
    </ClInclude>
    <ClInclude Include="include\fan\io\directory.h">
      <Filter>Header Files</Filter>
    </ClInclude>
    <ClInclude Include="include\fan\io\file.h">
      <Filter>Header Files</Filter>
    </ClInclude>
    <ClInclude Include="include\fan\io\io.h">
      <Filter>Header Files</Filter>
    </ClInclude>
    <ClInclude Include="include\fan\math\math.h">
      <Filter>Header Files</Filter>
    </ClInclude>
    <ClInclude Include="include\fan\math\random.h">
      <Filter>Header Files</Filter>
    </ClInclude>
    <ClInclude Include="include\fan\network\network.h">
      <Filter>Header Files</Filter>
    </ClInclude>
    <ClInclude Include="include\fan\physics\collision\circle.h">
      <Filter>Header Files</Filter>
    </ClInclude>
    <ClInclude Include="include\fan\physics\collision\rectangle.h">
      <Filter>Header Files</Filter>
    </ClInclude>
    <ClInclude Include="include\fan\physics\collision\triangle.h">
      <Filter>Header Files</Filter>
    </ClInclude>
    <ClInclude Include="include\fan\physics\AStar.hpp">
      <Filter>Header Files</Filter>
    </ClInclude>
    <ClInclude Include="include\fan\physics\physics.h">
      <Filter>Header Files</Filter>
    </ClInclude>
    <ClInclude Include="include\fan\physics\static_joint.h">
      <Filter>Header Files</Filter>
    </ClInclude>
    <ClInclude Include="include\fan\time\time.h">
      <Filter>Header Files</Filter>
    </ClInclude>
    <ClInclude Include="include\fan\time\timer.h">
      <Filter>Header Files</Filter>
    </ClInclude>
    <ClInclude Include="include\fan\tp\tp.h">
      <Filter>Header Files</Filter>
    </ClInclude>
    <ClInclude Include="include\fan\tp\tp0.h">
      <Filter>Header Files</Filter>
    </ClInclude>
    <ClInclude Include="include\fan\types\color.h">
      <Filter>Header Files</Filter>
    </ClInclude>
    <ClInclude Include="include\fan\types\fstring.h">
      <Filter>Header Files</Filter>
    </ClInclude>
    <ClInclude Include="include\fan\types\function.h">
      <Filter>Header Files</Filter>
    </ClInclude>
    <ClInclude Include="include\fan\types\masterpiece.h">
      <Filter>Header Files</Filter>
    </ClInclude>
    <ClInclude Include="include\fan\types\matrix.h">
      <Filter>Header Files</Filter>
    </ClInclude>
    <ClInclude Include="include\fan\types\memory.h">
      <Filter>Header Files</Filter>
    </ClInclude>
    <ClInclude Include="include\fan\types\quaternion.h">
      <Filter>Header Files</Filter>
    </ClInclude>
    <ClInclude Include="include\fan\types\types.h">
      <Filter>Header Files</Filter>
    </ClInclude>
    <ClInclude Include="include\fan\types\vector.h">
      <Filter>Header Files</Filter>
    </ClInclude>
    <ClInclude Include="include\fan\video\base_enc.h">
      <Filter>Header Files</Filter>
    </ClInclude>
    <ClInclude Include="include\fan\video\nvdec.h">
      <Filter>Header Files</Filter>
    </ClInclude>
    <ClInclude Include="include\fan\video\nvec_cuda.h">
      <Filter>Header Files</Filter>
    </ClInclude>
    <ClInclude Include="include\fan\window\cb_list_builder_settings.h">
      <Filter>Header Files</Filter>
    </ClInclude>
    <ClInclude Include="include\fan\window\window.h">
      <Filter>Header Files</Filter>
    </ClInclude>
    <ClInclude Include="include\fan\window\window_input.h">
      <Filter>Header Files</Filter>
    </ClInclude>
    <ClInclude Include="include\fan\window\window_input_common.h">
      <Filter>Header Files</Filter>
    </ClInclude>
    <ClInclude Include="include\fan\bll.h">
      <Filter>Header Files</Filter>
    </ClInclude>
    <ClInclude Include="include\fan\font.h">
      <Filter>Header Files</Filter>
    </ClInclude>
    <ClInclude Include="include\fan\ks.h">
      <Filter>Header Files</Filter>
    </ClInclude>
    <ClInclude Include="include\fan\lhb.h">
      <Filter>Header Files</Filter>
    </ClInclude>
    <ClInclude Include="include\fan\system.h">
      <Filter>Header Files</Filter>
    </ClInclude>
    <ClInclude Include="include\fmt\args.h">
      <Filter>Header Files</Filter>
    </ClInclude>
    <ClInclude Include="include\fmt\chrono.h">
      <Filter>Header Files</Filter>
    </ClInclude>
    <ClInclude Include="include\fmt\color.h">
      <Filter>Header Files</Filter>
    </ClInclude>
    <ClInclude Include="include\fmt\compile.h">
      <Filter>Header Files</Filter>
    </ClInclude>
    <ClInclude Include="include\fmt\core.h">
      <Filter>Header Files</Filter>
    </ClInclude>
    <ClInclude Include="include\fmt\format.h">
      <Filter>Header Files</Filter>
    </ClInclude>
    <ClInclude Include="include\fmt\format-inl.h">
      <Filter>Header Files</Filter>
    </ClInclude>
    <ClInclude Include="include\fmt\os.h">
      <Filter>Header Files</Filter>
    </ClInclude>
    <ClInclude Include="include\fmt\ostream.h">
      <Filter>Header Files</Filter>
    </ClInclude>
    <ClInclude Include="include\fmt\printf.h">
      <Filter>Header Files</Filter>
    </ClInclude>
    <ClInclude Include="include\fmt\ranges.h">
      <Filter>Header Files</Filter>
    </ClInclude>
    <ClInclude Include="include\fmt\std.h">
      <Filter>Header Files</Filter>
    </ClInclude>
    <ClInclude Include="include\fmt\xchar.h">
      <Filter>Header Files</Filter>
    </ClInclude>
  </ItemGroup>
</Project>